
Microsoft Visual Studio Solution File, Format Version 12.00
# Visual Studio Version 17
VisualStudioVersion = 17.14.36301.6 d17.14
MinimumVisualStudioVersion = 10.0.40219.1
Project("{FAE04EC0-301F-11D3-BF4B-00C04F79EFBC}") = "SnakeGame", "SnakeGame\SnakeGame.csproj", "{59295077-3352-46FC-9800-ED0B3CE715B1}"
EndProject
Global
	GlobalSection(SolutionConfigurationPlatforms) = preSolution
		Debug|Any CPU = Debug|Any CPU
		Release|Any CPU = Release|Any CPU
	EndGlobalSection
	GlobalSection(ProjectConfigurationPlatforms) = postSolution
		{59295077-3352-46FC-9800-ED0B3CE715B1}.Debug|Any CPU.ActiveCfg = Debug|Any CPU
		{59295077-3352-46FC-9800-ED0B3CE715B1}.Debug|Any CPU.Build.0 = Debug|Any CPU
		{59295077-3352-46FC-9800-ED0B3CE715B1}.Release|Any CPU.ActiveCfg = Release|Any CPU
		{59295077-3352-46FC-9800-ED0B3CE715B1}.Release|Any CPU.Build.0 = Release|Any CPU
	EndGlobalSection
	GlobalSection(SolutionProperties) = preSolution
		HideSolutionNode = FALSE
	EndGlobalSection
	GlobalSection(ExtensibilityGlobals) = postSolution
		SolutionGuid = {A4607D64-775C-4066-8579-4F48CBC42F86}
	EndGlobalSection
EndGlobal
